// !$*UTF8*$!
{
	archiveVersion = 1;
	classes = {
	};
	objectVersion = 55;
	objects = {

/* Begin PBXBuildFile section */
		9324BE3A4185601F831EC2EF /* Pods_TestingCi.framework in Frameworks */ = {isa = PBXBuildFile; fileRef = 6B5DA4E4E7FFD632A234F3B2 /* Pods_TestingCi.framework */; };
		B3131DEF27992FE80003566A /* AppDelegate.swift in Sources */ = {isa = PBXBuildFile; fileRef = B3131DEE27992FE80003566A /* AppDelegate.swift */; };
		B3131DF127992FE80003566A /* SceneDelegate.swift in Sources */ = {isa = PBXBuildFile; fileRef = B3131DF027992FE80003566A /* SceneDelegate.swift */; };
		B3131DF327992FE80003566A /* ViewController.swift in Sources */ = {isa = PBXBuildFile; fileRef = B3131DF227992FE80003566A /* ViewController.swift */; };
		B3131DF627992FE80003566A /* Main.storyboard in Resources */ = {isa = PBXBuildFile; fileRef = B3131DF427992FE80003566A /* Main.storyboard */; };
		B3131DF827992FED0003566A /* Assets.xcassets in Resources */ = {isa = PBXBuildFile; fileRef = B3131DF727992FED0003566A /* Assets.xcassets */; };
		B3131DFB27992FED0003566A /* LaunchScreen.storyboard in Resources */ = {isa = PBXBuildFile; fileRef = B3131DF927992FED0003566A /* LaunchScreen.storyboard */; };
		B3131E0627992FEE0003566A /* TestingCiTests.swift in Sources */ = {isa = PBXBuildFile; fileRef = B3131E0527992FEE0003566A /* TestingCiTests.swift */; };
		B3131E1027992FEE0003566A /* TestingCiUITests.swift in Sources */ = {isa = PBXBuildFile; fileRef = B3131E0F27992FEE0003566A /* TestingCiUITests.swift */; };
		B3131E1227992FEE0003566A /* TestingCiUITestsLaunchTests.swift in Sources */ = {isa = PBXBuildFile; fileRef = B3131E1127992FEE0003566A /* TestingCiUITestsLaunchTests.swift */; };
		B35E42DF27BD3BE500C00E8C /* exportOptions.plist in Resources */ = {isa = PBXBuildFile; fileRef = B35E42DE27BD3BE500C00E8C /* exportOptions.plist */; };
		B35E42E027BD3BE500C00E8C /* exportOptions.plist in Resources */ = {isa = PBXBuildFile; fileRef = B35E42DE27BD3BE500C00E8C /* exportOptions.plist */; };
		B35E42E127BD3BE500C00E8C /* exportOptions.plist in Resources */ = {isa = PBXBuildFile; fileRef = B35E42DE27BD3BE500C00E8C /* exportOptions.plist */; };
		DC592B3F4E8619DEAE9C47AE /* Pods_TestingCiTests.framework in Frameworks */ = {isa = PBXBuildFile; fileRef = 56603DFA03A1B936C31294F8 /* Pods_TestingCiTests.framework */; };
		E65C03CF083C24AF30133B07 /* Pods_TestingCi_TestingCiUITests.framework in Frameworks */ = {isa = PBXBuildFile; fileRef = 0D1A7B06C8C87837F7D92CA9 /* Pods_TestingCi_TestingCiUITests.framework */; };
/* End PBXBuildFile section */

/* Begin PBXContainerItemProxy section */
		B3131E0227992FEE0003566A /* PBXContainerItemProxy */ = {
			isa = PBXContainerItemProxy;
			containerPortal = B3131DE327992FE80003566A /* Project object */;
			proxyType = 1;
			remoteGlobalIDString = B3131DEA27992FE80003566A;
			remoteInfo = TestingCi;
		};
		B3131E0C27992FEE0003566A /* PBXContainerItemProxy */ = {
			isa = PBXContainerItemProxy;
			containerPortal = B3131DE327992FE80003566A /* Project object */;
			proxyType = 1;
			remoteGlobalIDString = B3131DEA27992FE80003566A;
			remoteInfo = TestingCi;
		};
/* End PBXContainerItemProxy section */

/* Begin PBXFileReference section */
		009134CFC94D1DAC15D85B33 /* Pods-TestingCi-TestingCiUITests.debug.xcconfig */ = {isa = PBXFileReference; includeInIndex = 1; lastKnownFileType = text.xcconfig; name = "Pods-TestingCi-TestingCiUITests.debug.xcconfig"; path = "Target Support Files/Pods-TestingCi-TestingCiUITests/Pods-TestingCi-TestingCiUITests.debug.xcconfig"; sourceTree = "<group>"; };
		0D1A7B06C8C87837F7D92CA9 /* Pods_TestingCi_TestingCiUITests.framework */ = {isa = PBXFileReference; explicitFileType = wrapper.framework; includeInIndex = 0; path = Pods_TestingCi_TestingCiUITests.framework; sourceTree = BUILT_PRODUCTS_DIR; };
		0F1DC44B40DD39AD3DCA5EE4 /* Pods-TestingCiTests.release.xcconfig */ = {isa = PBXFileReference; includeInIndex = 1; lastKnownFileType = text.xcconfig; name = "Pods-TestingCiTests.release.xcconfig"; path = "Target Support Files/Pods-TestingCiTests/Pods-TestingCiTests.release.xcconfig"; sourceTree = "<group>"; };
		397FC2421611204301D2A3FC /* Pods-TestingCi.debug.xcconfig */ = {isa = PBXFileReference; includeInIndex = 1; lastKnownFileType = text.xcconfig; name = "Pods-TestingCi.debug.xcconfig"; path = "Target Support Files/Pods-TestingCi/Pods-TestingCi.debug.xcconfig"; sourceTree = "<group>"; };
		56603DFA03A1B936C31294F8 /* Pods_TestingCiTests.framework */ = {isa = PBXFileReference; explicitFileType = wrapper.framework; includeInIndex = 0; path = Pods_TestingCiTests.framework; sourceTree = BUILT_PRODUCTS_DIR; };
		65B45C4933BF424DC225FC17 /* Pods-TestingCiTests.debug.xcconfig */ = {isa = PBXFileReference; includeInIndex = 1; lastKnownFileType = text.xcconfig; name = "Pods-TestingCiTests.debug.xcconfig"; path = "Target Support Files/Pods-TestingCiTests/Pods-TestingCiTests.debug.xcconfig"; sourceTree = "<group>"; };
		6B5DA4E4E7FFD632A234F3B2 /* Pods_TestingCi.framework */ = {isa = PBXFileReference; explicitFileType = wrapper.framework; includeInIndex = 0; path = Pods_TestingCi.framework; sourceTree = BUILT_PRODUCTS_DIR; };
		74EBA8075421FAF9DD6C6542 /* Pods-TestingCi-TestingCiUITests.release.xcconfig */ = {isa = PBXFileReference; includeInIndex = 1; lastKnownFileType = text.xcconfig; name = "Pods-TestingCi-TestingCiUITests.release.xcconfig"; path = "Target Support Files/Pods-TestingCi-TestingCiUITests/Pods-TestingCi-TestingCiUITests.release.xcconfig"; sourceTree = "<group>"; };
		B3131DEB27992FE80003566A /* TestingCi.app */ = {isa = PBXFileReference; explicitFileType = wrapper.application; includeInIndex = 0; path = TestingCi.app; sourceTree = BUILT_PRODUCTS_DIR; };
		B3131DEE27992FE80003566A /* AppDelegate.swift */ = {isa = PBXFileReference; lastKnownFileType = sourcecode.swift; path = AppDelegate.swift; sourceTree = "<group>"; };
		B3131DF027992FE80003566A /* SceneDelegate.swift */ = {isa = PBXFileReference; lastKnownFileType = sourcecode.swift; path = SceneDelegate.swift; sourceTree = "<group>"; };
		B3131DF227992FE80003566A /* ViewController.swift */ = {isa = PBXFileReference; lastKnownFileType = sourcecode.swift; path = ViewController.swift; sourceTree = "<group>"; };
		B3131DF527992FE80003566A /* Base */ = {isa = PBXFileReference; lastKnownFileType = file.storyboard; name = Base; path = Base.lproj/Main.storyboard; sourceTree = "<group>"; };
		B3131DF727992FED0003566A /* Assets.xcassets */ = {isa = PBXFileReference; lastKnownFileType = folder.assetcatalog; path = Assets.xcassets; sourceTree = "<group>"; };
		B3131DFA27992FED0003566A /* Base */ = {isa = PBXFileReference; lastKnownFileType = file.storyboard; name = Base; path = Base.lproj/LaunchScreen.storyboard; sourceTree = "<group>"; };
		B3131DFC27992FED0003566A /* Info.plist */ = {isa = PBXFileReference; lastKnownFileType = text.plist.xml; path = Info.plist; sourceTree = "<group>"; };
		B3131E0127992FEE0003566A /* TestingCiTests.xctest */ = {isa = PBXFileReference; explicitFileType = wrapper.cfbundle; includeInIndex = 0; path = TestingCiTests.xctest; sourceTree = BUILT_PRODUCTS_DIR; };
		B3131E0527992FEE0003566A /* TestingCiTests.swift */ = {isa = PBXFileReference; lastKnownFileType = sourcecode.swift; path = TestingCiTests.swift; sourceTree = "<group>"; };
		B3131E0B27992FEE0003566A /* TestingCiUITests.xctest */ = {isa = PBXFileReference; explicitFileType = wrapper.cfbundle; includeInIndex = 0; path = TestingCiUITests.xctest; sourceTree = BUILT_PRODUCTS_DIR; };
		B3131E0F27992FEE0003566A /* TestingCiUITests.swift */ = {isa = PBXFileReference; lastKnownFileType = sourcecode.swift; path = TestingCiUITests.swift; sourceTree = "<group>"; };
		B3131E1127992FEE0003566A /* TestingCiUITestsLaunchTests.swift */ = {isa = PBXFileReference; lastKnownFileType = sourcecode.swift; path = TestingCiUITestsLaunchTests.swift; sourceTree = "<group>"; };
		B35E42DE27BD3BE500C00E8C /* exportOptions.plist */ = {isa = PBXFileReference; fileEncoding = 4; lastKnownFileType = text.plist.xml; path = exportOptions.plist; sourceTree = "<group>"; };
		D0A51756E4FA47CAE8D1F865 /* Pods-TestingCi.release.xcconfig */ = {isa = PBXFileReference; includeInIndex = 1; lastKnownFileType = text.xcconfig; name = "Pods-TestingCi.release.xcconfig"; path = "Target Support Files/Pods-TestingCi/Pods-TestingCi.release.xcconfig"; sourceTree = "<group>"; };
/* End PBXFileReference section */

/* Begin PBXFrameworksBuildPhase section */
		B3131DE827992FE80003566A /* Frameworks */ = {
			isa = PBXFrameworksBuildPhase;
			buildActionMask = 2147483647;
			files = (
				9324BE3A4185601F831EC2EF /* Pods_TestingCi.framework in Frameworks */,
			);
			runOnlyForDeploymentPostprocessing = 0;
		};
		B3131DFE27992FEE0003566A /* Frameworks */ = {
			isa = PBXFrameworksBuildPhase;
			buildActionMask = 2147483647;
			files = (
				DC592B3F4E8619DEAE9C47AE /* Pods_TestingCiTests.framework in Frameworks */,
			);
			runOnlyForDeploymentPostprocessing = 0;
		};
		B3131E0827992FEE0003566A /* Frameworks */ = {
			isa = PBXFrameworksBuildPhase;
			buildActionMask = 2147483647;
			files = (
				E65C03CF083C24AF30133B07 /* Pods_TestingCi_TestingCiUITests.framework in Frameworks */,
			);
			runOnlyForDeploymentPostprocessing = 0;
		};
/* End PBXFrameworksBuildPhase section */

/* Begin PBXGroup section */
		B3131DE227992FE80003566A = {
			isa = PBXGroup;
			children = (
				B3131DED27992FE80003566A /* TestingCi */,
				B3131E0427992FEE0003566A /* TestingCiTests */,
				B3131E0E27992FEE0003566A /* TestingCiUITests */,
				B3131DEC27992FE80003566A /* Products */,
				C02E7DE9FDCECBD93371091B /* Pods */,
				FDDB8E7E161698439458D372 /* Frameworks */,
			);
			sourceTree = "<group>";
		};
		B3131DEC27992FE80003566A /* Products */ = {
			isa = PBXGroup;
			children = (
				B3131DEB27992FE80003566A /* TestingCi.app */,
				B3131E0127992FEE0003566A /* TestingCiTests.xctest */,
				B3131E0B27992FEE0003566A /* TestingCiUITests.xctest */,
			);
			name = Products;
			sourceTree = "<group>";
		};
		B3131DED27992FE80003566A /* TestingCi */ = {
			isa = PBXGroup;
			children = (
				B3131DEE27992FE80003566A /* AppDelegate.swift */,
				B3131DF027992FE80003566A /* SceneDelegate.swift */,
				B3131DF227992FE80003566A /* ViewController.swift */,
				B3131DF427992FE80003566A /* Main.storyboard */,
				B3131DF727992FED0003566A /* Assets.xcassets */,
				B3131DF927992FED0003566A /* LaunchScreen.storyboard */,
				B3131DFC27992FED0003566A /* Info.plist */,
				B35E42DE27BD3BE500C00E8C /* exportOptions.plist */,
			);
			path = TestingCi;
			sourceTree = "<group>";
		};
		B3131E0427992FEE0003566A /* TestingCiTests */ = {
			isa = PBXGroup;
			children = (
				B3131E0527992FEE0003566A /* TestingCiTests.swift */,
			);
			path = TestingCiTests;
			sourceTree = "<group>";
		};
		B3131E0E27992FEE0003566A /* TestingCiUITests */ = {
			isa = PBXGroup;
			children = (
				B3131E0F27992FEE0003566A /* TestingCiUITests.swift */,
				B3131E1127992FEE0003566A /* TestingCiUITestsLaunchTests.swift */,
			);
			path = TestingCiUITests;
			sourceTree = "<group>";
		};
		C02E7DE9FDCECBD93371091B /* Pods */ = {
			isa = PBXGroup;
			children = (
				397FC2421611204301D2A3FC /* Pods-TestingCi.debug.xcconfig */,
				D0A51756E4FA47CAE8D1F865 /* Pods-TestingCi.release.xcconfig */,
				009134CFC94D1DAC15D85B33 /* Pods-TestingCi-TestingCiUITests.debug.xcconfig */,
				74EBA8075421FAF9DD6C6542 /* Pods-TestingCi-TestingCiUITests.release.xcconfig */,
				65B45C4933BF424DC225FC17 /* Pods-TestingCiTests.debug.xcconfig */,
				0F1DC44B40DD39AD3DCA5EE4 /* Pods-TestingCiTests.release.xcconfig */,
			);
			path = Pods;
			sourceTree = "<group>";
		};
		FDDB8E7E161698439458D372 /* Frameworks */ = {
			isa = PBXGroup;
			children = (
				6B5DA4E4E7FFD632A234F3B2 /* Pods_TestingCi.framework */,
				0D1A7B06C8C87837F7D92CA9 /* Pods_TestingCi_TestingCiUITests.framework */,
				56603DFA03A1B936C31294F8 /* Pods_TestingCiTests.framework */,
			);
			name = Frameworks;
			sourceTree = "<group>";
		};
/* End PBXGroup section */

/* Begin PBXNativeTarget section */
		B3131DEA27992FE80003566A /* TestingCi */ = {
			isa = PBXNativeTarget;
			buildConfigurationList = B3131E1527992FEE0003566A /* Build configuration list for PBXNativeTarget "TestingCi" */;
			buildPhases = (
				382AD6DDCC7E28114494B717 /* [CP] Check Pods Manifest.lock */,
				B3131DE727992FE80003566A /* Sources */,
				B3131DE827992FE80003566A /* Frameworks */,
				B3131DE927992FE80003566A /* Resources */,
				4B8BC008566BADE324ED459C /* [CP] Embed Pods Frameworks */,
			);
			buildRules = (
			);
			dependencies = (
			);
			name = TestingCi;
			productName = TestingCi;
			productReference = B3131DEB27992FE80003566A /* TestingCi.app */;
			productType = "com.apple.product-type.application";
		};
		B3131E0027992FEE0003566A /* TestingCiTests */ = {
			isa = PBXNativeTarget;
			buildConfigurationList = B3131E1827992FEE0003566A /* Build configuration list for PBXNativeTarget "TestingCiTests" */;
			buildPhases = (
				258FAFECC1F68CAB7DAB138A /* [CP] Check Pods Manifest.lock */,
				B3131DFD27992FEE0003566A /* Sources */,
				B3131DFE27992FEE0003566A /* Frameworks */,
				B3131DFF27992FEE0003566A /* Resources */,
			);
			buildRules = (
			);
			dependencies = (
				B3131E0327992FEE0003566A /* PBXTargetDependency */,
			);
			name = TestingCiTests;
			productName = TestingCiTests;
			productReference = B3131E0127992FEE0003566A /* TestingCiTests.xctest */;
			productType = "com.apple.product-type.bundle.unit-test";
		};
		B3131E0A27992FEE0003566A /* TestingCiUITests */ = {
			isa = PBXNativeTarget;
			buildConfigurationList = B3131E1B27992FEE0003566A /* Build configuration list for PBXNativeTarget "TestingCiUITests" */;
			buildPhases = (
				8E41DFAB448DBA021161B9B5 /* [CP] Check Pods Manifest.lock */,
				B3131E0727992FEE0003566A /* Sources */,
				B3131E0827992FEE0003566A /* Frameworks */,
				B3131E0927992FEE0003566A /* Resources */,
				D06770046AEC5BC8EF23FA1D /* [CP] Embed Pods Frameworks */,
			);
			buildRules = (
			);
			dependencies = (
				B3131E0D27992FEE0003566A /* PBXTargetDependency */,
			);
			name = TestingCiUITests;
			productName = TestingCiUITests;
			productReference = B3131E0B27992FEE0003566A /* TestingCiUITests.xctest */;
			productType = "com.apple.product-type.bundle.ui-testing";
		};
/* End PBXNativeTarget section */

/* Begin PBXProject section */
		B3131DE327992FE80003566A /* Project object */ = {
			isa = PBXProject;
			attributes = {
				BuildIndependentTargetsInParallel = 1;
				LastSwiftUpdateCheck = 1310;
				LastUpgradeCheck = 1310;
				TargetAttributes = {
					B3131DEA27992FE80003566A = {
						CreatedOnToolsVersion = 13.1;
					};
					B3131E0027992FEE0003566A = {
						CreatedOnToolsVersion = 13.1;
						TestTargetID = B3131DEA27992FE80003566A;
					};
					B3131E0A27992FEE0003566A = {
						CreatedOnToolsVersion = 13.1;
						TestTargetID = B3131DEA27992FE80003566A;
					};
				};
			};
			buildConfigurationList = B3131DE627992FE80003566A /* Build configuration list for PBXProject "TestingCi" */;
			compatibilityVersion = "Xcode 13.0";
			developmentRegion = en;
			hasScannedForEncodings = 0;
			knownRegions = (
				en,
				Base,
			);
			mainGroup = B3131DE227992FE80003566A;
			productRefGroup = B3131DEC27992FE80003566A /* Products */;
			projectDirPath = "";
			projectRoot = "";
			targets = (
				B3131DEA27992FE80003566A /* TestingCi */,
				B3131E0027992FEE0003566A /* TestingCiTests */,
				B3131E0A27992FEE0003566A /* TestingCiUITests */,
			);
		};
/* End PBXProject section */

/* Begin PBXResourcesBuildPhase section */
		B3131DE927992FE80003566A /* Resources */ = {
			isa = PBXResourcesBuildPhase;
			buildActionMask = 2147483647;
			files = (
				B3131DFB27992FED0003566A /* LaunchScreen.storyboard in Resources */,
				B3131DF827992FED0003566A /* Assets.xcassets in Resources */,
				B3131DF627992FE80003566A /* Main.storyboard in Resources */,
				B35E42DF27BD3BE500C00E8C /* exportOptions.plist in Resources */,
			);
			runOnlyForDeploymentPostprocessing = 0;
		};
		B3131DFF27992FEE0003566A /* Resources */ = {
			isa = PBXResourcesBuildPhase;
			buildActionMask = 2147483647;
			files = (
				B35E42E027BD3BE500C00E8C /* exportOptions.plist in Resources */,
			);
			runOnlyForDeploymentPostprocessing = 0;
		};
		B3131E0927992FEE0003566A /* Resources */ = {
			isa = PBXResourcesBuildPhase;
			buildActionMask = 2147483647;
			files = (
				B35E42E127BD3BE500C00E8C /* exportOptions.plist in Resources */,
			);
			runOnlyForDeploymentPostprocessing = 0;
		};
/* End PBXResourcesBuildPhase section */

/* Begin PBXShellScriptBuildPhase section */
		258FAFECC1F68CAB7DAB138A /* [CP] Check Pods Manifest.lock */ = {
			isa = PBXShellScriptBuildPhase;
			buildActionMask = 2147483647;
			files = (
			);
			inputFileListPaths = (
			);
			inputPaths = (
				"${PODS_PODFILE_DIR_PATH}/Podfile.lock",
				"${PODS_ROOT}/Manifest.lock",
			);
			name = "[CP] Check Pods Manifest.lock";
			outputFileListPaths = (
			);
			outputPaths = (
				"$(DERIVED_FILE_DIR)/Pods-TestingCiTests-checkManifestLockResult.txt",
			);
			runOnlyForDeploymentPostprocessing = 0;
			shellPath = /bin/sh;
			shellScript = "diff \"${PODS_PODFILE_DIR_PATH}/Podfile.lock\" \"${PODS_ROOT}/Manifest.lock\" > /dev/null\nif [ $? != 0 ] ; then\n    # print error to STDERR\n    echo \"error: The sandbox is not in sync with the Podfile.lock. Run 'pod install' or update your CocoaPods installation.\" >&2\n    exit 1\nfi\n# This output is used by Xcode 'outputs' to avoid re-running this script phase.\necho \"SUCCESS\" > \"${SCRIPT_OUTPUT_FILE_0}\"\n";
			showEnvVarsInLog = 0;
		};
		382AD6DDCC7E28114494B717 /* [CP] Check Pods Manifest.lock */ = {
			isa = PBXShellScriptBuildPhase;
			buildActionMask = 2147483647;
			files = (
			);
			inputFileListPaths = (
			);
			inputPaths = (
				"${PODS_PODFILE_DIR_PATH}/Podfile.lock",
				"${PODS_ROOT}/Manifest.lock",
			);
			name = "[CP] Check Pods Manifest.lock";
			outputFileListPaths = (
			);
			outputPaths = (
				"$(DERIVED_FILE_DIR)/Pods-TestingCi-checkManifestLockResult.txt",
			);
			runOnlyForDeploymentPostprocessing = 0;
			shellPath = /bin/sh;
			shellScript = "diff \"${PODS_PODFILE_DIR_PATH}/Podfile.lock\" \"${PODS_ROOT}/Manifest.lock\" > /dev/null\nif [ $? != 0 ] ; then\n    # print error to STDERR\n    echo \"error: The sandbox is not in sync with the Podfile.lock. Run 'pod install' or update your CocoaPods installation.\" >&2\n    exit 1\nfi\n# This output is used by Xcode 'outputs' to avoid re-running this script phase.\necho \"SUCCESS\" > \"${SCRIPT_OUTPUT_FILE_0}\"\n";
			showEnvVarsInLog = 0;
		};
		4B8BC008566BADE324ED459C /* [CP] Embed Pods Frameworks */ = {
			isa = PBXShellScriptBuildPhase;
			buildActionMask = 2147483647;
			files = (
			);
			inputFileListPaths = (
				"${PODS_ROOT}/Target Support Files/Pods-TestingCi/Pods-TestingCi-frameworks-${CONFIGURATION}-input-files.xcfilelist",
			);
			name = "[CP] Embed Pods Frameworks";
			outputFileListPaths = (
				"${PODS_ROOT}/Target Support Files/Pods-TestingCi/Pods-TestingCi-frameworks-${CONFIGURATION}-output-files.xcfilelist",
			);
			runOnlyForDeploymentPostprocessing = 0;
			shellPath = /bin/sh;
			shellScript = "\"${PODS_ROOT}/Target Support Files/Pods-TestingCi/Pods-TestingCi-frameworks.sh\"\n";
			showEnvVarsInLog = 0;
		};
		8E41DFAB448DBA021161B9B5 /* [CP] Check Pods Manifest.lock */ = {
			isa = PBXShellScriptBuildPhase;
			buildActionMask = 2147483647;
			files = (
			);
			inputFileListPaths = (
			);
			inputPaths = (
				"${PODS_PODFILE_DIR_PATH}/Podfile.lock",
				"${PODS_ROOT}/Manifest.lock",
			);
			name = "[CP] Check Pods Manifest.lock";
			outputFileListPaths = (
			);
			outputPaths = (
				"$(DERIVED_FILE_DIR)/Pods-TestingCi-TestingCiUITests-checkManifestLockResult.txt",
			);
			runOnlyForDeploymentPostprocessing = 0;
			shellPath = /bin/sh;
			shellScript = "diff \"${PODS_PODFILE_DIR_PATH}/Podfile.lock\" \"${PODS_ROOT}/Manifest.lock\" > /dev/null\nif [ $? != 0 ] ; then\n    # print error to STDERR\n    echo \"error: The sandbox is not in sync with the Podfile.lock. Run 'pod install' or update your CocoaPods installation.\" >&2\n    exit 1\nfi\n# This output is used by Xcode 'outputs' to avoid re-running this script phase.\necho \"SUCCESS\" > \"${SCRIPT_OUTPUT_FILE_0}\"\n";
			showEnvVarsInLog = 0;
		};
		D06770046AEC5BC8EF23FA1D /* [CP] Embed Pods Frameworks */ = {
			isa = PBXShellScriptBuildPhase;
			buildActionMask = 2147483647;
			files = (
			);
			inputFileListPaths = (
				"${PODS_ROOT}/Target Support Files/Pods-TestingCi-TestingCiUITests/Pods-TestingCi-TestingCiUITests-frameworks-${CONFIGURATION}-input-files.xcfilelist",
			);
			name = "[CP] Embed Pods Frameworks";
			outputFileListPaths = (
				"${PODS_ROOT}/Target Support Files/Pods-TestingCi-TestingCiUITests/Pods-TestingCi-TestingCiUITests-frameworks-${CONFIGURATION}-output-files.xcfilelist",
			);
			runOnlyForDeploymentPostprocessing = 0;
			shellPath = /bin/sh;
			shellScript = "\"${PODS_ROOT}/Target Support Files/Pods-TestingCi-TestingCiUITests/Pods-TestingCi-TestingCiUITests-frameworks.sh\"\n";
			showEnvVarsInLog = 0;
		};
/* End PBXShellScriptBuildPhase section */

/* Begin PBXSourcesBuildPhase section */
		B3131DE727992FE80003566A /* Sources */ = {
			isa = PBXSourcesBuildPhase;
			buildActionMask = 2147483647;
			files = (
				B3131DF327992FE80003566A /* ViewController.swift in Sources */,
				B3131DEF27992FE80003566A /* AppDelegate.swift in Sources */,
				B3131DF127992FE80003566A /* SceneDelegate.swift in Sources */,
			);
			runOnlyForDeploymentPostprocessing = 0;
		};
		B3131DFD27992FEE0003566A /* Sources */ = {
			isa = PBXSourcesBuildPhase;
			buildActionMask = 2147483647;
			files = (
				B3131E0627992FEE0003566A /* TestingCiTests.swift in Sources */,
			);
			runOnlyForDeploymentPostprocessing = 0;
		};
		B3131E0727992FEE0003566A /* Sources */ = {
			isa = PBXSourcesBuildPhase;
			buildActionMask = 2147483647;
			files = (
				B3131E1027992FEE0003566A /* TestingCiUITests.swift in Sources */,
				B3131E1227992FEE0003566A /* TestingCiUITestsLaunchTests.swift in Sources */,
			);
			runOnlyForDeploymentPostprocessing = 0;
		};
/* End PBXSourcesBuildPhase section */

/* Begin PBXTargetDependency section */
		B3131E0327992FEE0003566A /* PBXTargetDependency */ = {
			isa = PBXTargetDependency;
			target = B3131DEA27992FE80003566A /* TestingCi */;
			targetProxy = B3131E0227992FEE0003566A /* PBXContainerItemProxy */;
		};
		B3131E0D27992FEE0003566A /* PBXTargetDependency */ = {
			isa = PBXTargetDependency;
			target = B3131DEA27992FE80003566A /* TestingCi */;
			targetProxy = B3131E0C27992FEE0003566A /* PBXContainerItemProxy */;
		};
/* End PBXTargetDependency section */

/* Begin PBXVariantGroup section */
		B3131DF427992FE80003566A /* Main.storyboard */ = {
			isa = PBXVariantGroup;
			children = (
				B3131DF527992FE80003566A /* Base */,
			);
			name = Main.storyboard;
			sourceTree = "<group>";
		};
		B3131DF927992FED0003566A /* LaunchScreen.storyboard */ = {
			isa = PBXVariantGroup;
			children = (
				B3131DFA27992FED0003566A /* Base */,
			);
			name = LaunchScreen.storyboard;
			sourceTree = "<group>";
		};
/* End PBXVariantGroup section */

/* Begin XCBuildConfiguration section */
		B3131E1327992FEE0003566A /* Debug */ = {
			isa = XCBuildConfiguration;
			buildSettings = {
				ALWAYS_SEARCH_USER_PATHS = NO;
				CLANG_ANALYZER_NONNULL = YES;
				CLANG_ANALYZER_NUMBER_OBJECT_CONVERSION = YES_AGGRESSIVE;
				CLANG_CXX_LANGUAGE_STANDARD = "gnu++17";
				CLANG_CXX_LIBRARY = "libc++";
				CLANG_ENABLE_MODULES = YES;
				CLANG_ENABLE_OBJC_ARC = YES;
				CLANG_ENABLE_OBJC_WEAK = YES;
				CLANG_WARN_BLOCK_CAPTURE_AUTORELEASING = YES;
				CLANG_WARN_BOOL_CONVERSION = YES;
				CLANG_WARN_COMMA = YES;
				CLANG_WARN_CONSTANT_CONVERSION = YES;
				CLANG_WARN_DEPRECATED_OBJC_IMPLEMENTATIONS = YES;
				CLANG_WARN_DIRECT_OBJC_ISA_USAGE = YES_ERROR;
				CLANG_WARN_DOCUMENTATION_COMMENTS = YES;
				CLANG_WARN_EMPTY_BODY = YES;
				CLANG_WARN_ENUM_CONVERSION = YES;
				CLANG_WARN_INFINITE_RECURSION = YES;
				CLANG_WARN_INT_CONVERSION = YES;
				CLANG_WARN_NON_LITERAL_NULL_CONVERSION = YES;
				CLANG_WARN_OBJC_IMPLICIT_RETAIN_SELF = YES;
				CLANG_WARN_OBJC_LITERAL_CONVERSION = YES;
				CLANG_WARN_OBJC_ROOT_CLASS = YES_ERROR;
				CLANG_WARN_QUOTED_INCLUDE_IN_FRAMEWORK_HEADER = YES;
				CLANG_WARN_RANGE_LOOP_ANALYSIS = YES;
				CLANG_WARN_STRICT_PROTOTYPES = YES;
				CLANG_WARN_SUSPICIOUS_MOVE = YES;
				CLANG_WARN_UNGUARDED_AVAILABILITY = YES_AGGRESSIVE;
				CLANG_WARN_UNREACHABLE_CODE = YES;
				CLANG_WARN__DUPLICATE_METHOD_MATCH = YES;
				COPY_PHASE_STRIP = NO;
				DEBUG_INFORMATION_FORMAT = dwarf;
				ENABLE_STRICT_OBJC_MSGSEND = YES;
				ENABLE_TESTABILITY = YES;
				GCC_C_LANGUAGE_STANDARD = gnu11;
				GCC_DYNAMIC_NO_PIC = NO;
				GCC_NO_COMMON_BLOCKS = YES;
				GCC_OPTIMIZATION_LEVEL = 0;
				GCC_PREPROCESSOR_DEFINITIONS = (
					"DEBUG=1",
					"$(inherited)",
				);
				GCC_WARN_64_TO_32_BIT_CONVERSION = YES;
				GCC_WARN_ABOUT_RETURN_TYPE = YES_ERROR;
				GCC_WARN_UNDECLARED_SELECTOR = YES;
				GCC_WARN_UNINITIALIZED_AUTOS = YES_AGGRESSIVE;
				GCC_WARN_UNUSED_FUNCTION = YES;
				GCC_WARN_UNUSED_VARIABLE = YES;
				IPHONEOS_DEPLOYMENT_TARGET = 15.0;
				MTL_ENABLE_DEBUG_INFO = INCLUDE_SOURCE;
				MTL_FAST_MATH = YES;
				ONLY_ACTIVE_ARCH = YES;
				SDKROOT = iphoneos;
				SWIFT_ACTIVE_COMPILATION_CONDITIONS = DEBUG;
				SWIFT_OPTIMIZATION_LEVEL = "-Onone";
			};
			name = Debug;
		};
		B3131E1427992FEE0003566A /* Release */ = {
			isa = XCBuildConfiguration;
			buildSettings = {
				ALWAYS_SEARCH_USER_PATHS = NO;
				CLANG_ANALYZER_NONNULL = YES;
				CLANG_ANALYZER_NUMBER_OBJECT_CONVERSION = YES_AGGRESSIVE;
				CLANG_CXX_LANGUAGE_STANDARD = "gnu++17";
				CLANG_CXX_LIBRARY = "libc++";
				CLANG_ENABLE_MODULES = YES;
				CLANG_ENABLE_OBJC_ARC = YES;
				CLANG_ENABLE_OBJC_WEAK = YES;
				CLANG_WARN_BLOCK_CAPTURE_AUTORELEASING = YES;
				CLANG_WARN_BOOL_CONVERSION = YES;
				CLANG_WARN_COMMA = YES;
				CLANG_WARN_CONSTANT_CONVERSION = YES;
				CLANG_WARN_DEPRECATED_OBJC_IMPLEMENTATIONS = YES;
				CLANG_WARN_DIRECT_OBJC_ISA_USAGE = YES_ERROR;
				CLANG_WARN_DOCUMENTATION_COMMENTS = YES;
				CLANG_WARN_EMPTY_BODY = YES;
				CLANG_WARN_ENUM_CONVERSION = YES;
				CLANG_WARN_INFINITE_RECURSION = YES;
				CLANG_WARN_INT_CONVERSION = YES;
				CLANG_WARN_NON_LITERAL_NULL_CONVERSION = YES;
				CLANG_WARN_OBJC_IMPLICIT_RETAIN_SELF = YES;
				CLANG_WARN_OBJC_LITERAL_CONVERSION = YES;
				CLANG_WARN_OBJC_ROOT_CLASS = YES_ERROR;
				CLANG_WARN_QUOTED_INCLUDE_IN_FRAMEWORK_HEADER = YES;
				CLANG_WARN_RANGE_LOOP_ANALYSIS = YES;
				CLANG_WARN_STRICT_PROTOTYPES = YES;
				CLANG_WARN_SUSPICIOUS_MOVE = YES;
				CLANG_WARN_UNGUARDED_AVAILABILITY = YES_AGGRESSIVE;
				CLANG_WARN_UNREACHABLE_CODE = YES;
				CLANG_WARN__DUPLICATE_METHOD_MATCH = YES;
				COPY_PHASE_STRIP = NO;
				DEBUG_INFORMATION_FORMAT = "dwarf-with-dsym";
				ENABLE_NS_ASSERTIONS = NO;
				ENABLE_STRICT_OBJC_MSGSEND = YES;
				GCC_C_LANGUAGE_STANDARD = gnu11;
				GCC_NO_COMMON_BLOCKS = YES;
				GCC_WARN_64_TO_32_BIT_CONVERSION = YES;
				GCC_WARN_ABOUT_RETURN_TYPE = YES_ERROR;
				GCC_WARN_UNDECLARED_SELECTOR = YES;
				GCC_WARN_UNINITIALIZED_AUTOS = YES_AGGRESSIVE;
				GCC_WARN_UNUSED_FUNCTION = YES;
				GCC_WARN_UNUSED_VARIABLE = YES;
				IPHONEOS_DEPLOYMENT_TARGET = 15.0;
				MTL_ENABLE_DEBUG_INFO = NO;
				MTL_FAST_MATH = YES;
				SDKROOT = iphoneos;
				SWIFT_COMPILATION_MODE = wholemodule;
				SWIFT_OPTIMIZATION_LEVEL = "-O";
				VALIDATE_PRODUCT = YES;
			};
			name = Release;
		};
		B3131E1627992FEE0003566A /* Debug */ = {
			isa = XCBuildConfiguration;
			baseConfigurationReference = 397FC2421611204301D2A3FC /* Pods-TestingCi.debug.xcconfig */;
			buildSettings = {
				ASSETCATALOG_COMPILER_APPICON_NAME = AppIcon;
				ASSETCATALOG_COMPILER_GLOBAL_ACCENT_COLOR_NAME = AccentColor;
				CODE_SIGN_IDENTITY = "Apple Distribution: Quokka Labs LLP (8SZ27954MH)";
				CODE_SIGN_STYLE = Manual;
				CURRENT_PROJECT_VERSION = 4;
				DEVELOPMENT_TEAM = 8SZ27954MH;
				GENERATE_INFOPLIST_FILE = YES;
				INFOPLIST_FILE = TestingCi/Info.plist;
				INFOPLIST_KEY_CFBundleDisplayName = "Testing CI";
				INFOPLIST_KEY_UIApplicationSupportsIndirectInputEvents = YES;
				INFOPLIST_KEY_UILaunchStoryboardName = LaunchScreen;
				INFOPLIST_KEY_UIMainStoryboardFile = Main;
				INFOPLIST_KEY_UISupportedInterfaceOrientations = UIInterfaceOrientationPortrait;
				INFOPLIST_KEY_UISupportedInterfaceOrientations_iPad = "UIInterfaceOrientationPortrait UIInterfaceOrientationPortraitUpsideDown UIInterfaceOrientationLandscapeLeft UIInterfaceOrientationLandscapeRight";
				INFOPLIST_KEY_UISupportedInterfaceOrientations_iPhone = "UIInterfaceOrientationPortrait UIInterfaceOrientationLandscapeLeft UIInterfaceOrientationLandscapeRight";
				LD_RUNPATH_SEARCH_PATHS = (
					"$(inherited)",
					"@executable_path/Frameworks",
				);
				MARKETING_VERSION = 1.0;
				PRODUCT_BUNDLE_IDENTIFIER = com.ios.gitdemocicd;
				PRODUCT_NAME = "$(TARGET_NAME)";
				PROVISIONING_PROFILE_SPECIFIER = QL_Dist_Provisioning_Profile_28Jan_2022;
				SWIFT_EMIT_LOC_STRINGS = YES;
				SWIFT_VERSION = 5.0;
				TARGETED_DEVICE_FAMILY = 1;
			};
			name = Debug;
		};
		B3131E1727992FEE0003566A /* Release */ = {
			isa = XCBuildConfiguration;
			baseConfigurationReference = D0A51756E4FA47CAE8D1F865 /* Pods-TestingCi.release.xcconfig */;
			buildSettings = {
				ASSETCATALOG_COMPILER_APPICON_NAME = AppIcon;
				ASSETCATALOG_COMPILER_GLOBAL_ACCENT_COLOR_NAME = AccentColor;
				CODE_SIGN_IDENTITY = "Apple Distribution: Quokka Labs LLP (8SZ27954MH)";
				CODE_SIGN_STYLE = Manual;
				CURRENT_PROJECT_VERSION = 4;
				DEVELOPMENT_TEAM = 8SZ27954MH;
				GENERATE_INFOPLIST_FILE = YES;
				INFOPLIST_FILE = TestingCi/Info.plist;
				INFOPLIST_KEY_CFBundleDisplayName = "Testing CI";
				INFOPLIST_KEY_UIApplicationSupportsIndirectInputEvents = YES;
				INFOPLIST_KEY_UILaunchStoryboardName = LaunchScreen;
				INFOPLIST_KEY_UIMainStoryboardFile = Main;
				INFOPLIST_KEY_UISupportedInterfaceOrientations = UIInterfaceOrientationPortrait;
				INFOPLIST_KEY_UISupportedInterfaceOrientations_iPad = "UIInterfaceOrientationPortrait UIInterfaceOrientationPortraitUpsideDown UIInterfaceOrientationLandscapeLeft UIInterfaceOrientationLandscapeRight";
				INFOPLIST_KEY_UISupportedInterfaceOrientations_iPhone = "UIInterfaceOrientationPortrait UIInterfaceOrientationLandscapeLeft UIInterfaceOrientationLandscapeRight";
				LD_RUNPATH_SEARCH_PATHS = (
					"$(inherited)",
					"@executable_path/Frameworks",
				);
				MARKETING_VERSION = 1.0;
				PRODUCT_BUNDLE_IDENTIFIER = com.ios.gitdemocicd;
				PRODUCT_NAME = "$(TARGET_NAME)";
				PROVISIONING_PROFILE_SPECIFIER = QL_Dist_Provisioning_Profile_28Jan_2022;
				SWIFT_EMIT_LOC_STRINGS = YES;
				SWIFT_VERSION = 5.0;
				TARGETED_DEVICE_FAMILY = 1;
			};
			name = Release;
		};
		B3131E1927992FEE0003566A /* Debug */ = {
			isa = XCBuildConfiguration;
			baseConfigurationReference = 65B45C4933BF424DC225FC17 /* Pods-TestingCiTests.debug.xcconfig */;
			buildSettings = {
				ALWAYS_EMBED_SWIFT_STANDARD_LIBRARIES = YES;
				BUNDLE_LOADER = "$(TEST_HOST)";
				CODE_SIGN_STYLE = Automatic;
				CURRENT_PROJECT_VERSION = 1;
				DEVELOPMENT_TEAM = ZZ5WBVA7GB;
				GENERATE_INFOPLIST_FILE = YES;
				IPHONEOS_DEPLOYMENT_TARGET = 15.0;
				LD_RUNPATH_SEARCH_PATHS = (
					"$(inherited)",
					"@executable_path/Frameworks",
					"@loader_path/Frameworks",
				);
				MARKETING_VERSION = 1.0;
				PRODUCT_BUNDLE_IDENTIFIER = com.jeeshan.TestingCiTests;
				PRODUCT_NAME = "$(TARGET_NAME)";
				SWIFT_EMIT_LOC_STRINGS = NO;
				SWIFT_VERSION = 5.0;
				TARGETED_DEVICE_FAMILY = "1,2";
				TEST_HOST = "$(BUILT_PRODUCTS_DIR)/TestingCi.app/TestingCi";
			};
			name = Debug;
		};
		B3131E1A27992FEE0003566A /* Release */ = {
			isa = XCBuildConfiguration;
			baseConfigurationReference = 0F1DC44B40DD39AD3DCA5EE4 /* Pods-TestingCiTests.release.xcconfig */;
			buildSettings = {
				ALWAYS_EMBED_SWIFT_STANDARD_LIBRARIES = YES;
				BUNDLE_LOADER = "$(TEST_HOST)";
				CODE_SIGN_STYLE = Automatic;
				CURRENT_PROJECT_VERSION = 1;
				DEVELOPMENT_TEAM = ZZ5WBVA7GB;
				GENERATE_INFOPLIST_FILE = YES;
				IPHONEOS_DEPLOYMENT_TARGET = 15.0;
				LD_RUNPATH_SEARCH_PATHS = (
					"$(inherited)",
					"@executable_path/Frameworks",
					"@loader_path/Frameworks",
				);
				MARKETING_VERSION = 1.0;
				PRODUCT_BUNDLE_IDENTIFIER = com.jeeshan.TestingCiTests;
				PRODUCT_NAME = "$(TARGET_NAME)";
				SWIFT_EMIT_LOC_STRINGS = NO;
				SWIFT_VERSION = 5.0;
				TARGETED_DEVICE_FAMILY = "1,2";
				TEST_HOST = "$(BUILT_PRODUCTS_DIR)/TestingCi.app/TestingCi";
			};
			name = Release;
		};
		B3131E1C27992FEE0003566A /* Debug */ = {
			isa = XCBuildConfiguration;
			baseConfigurationReference = 009134CFC94D1DAC15D85B33 /* Pods-TestingCi-TestingCiUITests.debug.xcconfig */;
			buildSettings = {
				ALWAYS_EMBED_SWIFT_STANDARD_LIBRARIES = YES;
				CODE_SIGN_STYLE = Automatic;
				CURRENT_PROJECT_VERSION = 1;
				DEVELOPMENT_TEAM = ZZ5WBVA7GB;
				GENERATE_INFOPLIST_FILE = YES;
				LD_RUNPATH_SEARCH_PATHS = (
					"$(inherited)",
					"@executable_path/Frameworks",
					"@loader_path/Frameworks",
				);
				MARKETING_VERSION = 1.0;
				PRODUCT_BUNDLE_IDENTIFIER = com.jeeshan.TestingCiUITests;
				PRODUCT_NAME = "$(TARGET_NAME)";
				SWIFT_EMIT_LOC_STRINGS = NO;
				SWIFT_VERSION = 5.0;
				TARGETED_DEVICE_FAMILY = "1,2";
				TEST_TARGET_NAME = TestingCi;
			};
			name = Debug;
		};
		B3131E1D27992FEE0003566A /* Release */ = {
			isa = XCBuildConfiguration;
			baseConfigurationReference = 74EBA8075421FAF9DD6C6542 /* Pods-TestingCi-TestingCiUITests.release.xcconfig */;
			buildSettings = {
				ALWAYS_EMBED_SWIFT_STANDARD_LIBRARIES = YES;
				CODE_SIGN_STYLE = Automatic;
				CURRENT_PROJECT_VERSION = 1;
				DEVELOPMENT_TEAM = ZZ5WBVA7GB;
				GENERATE_INFOPLIST_FILE = YES;
				LD_RUNPATH_SEARCH_PATHS = (
					"$(inherited)",
					"@executable_path/Frameworks",
					"@loader_path/Frameworks",
				);
				MARKETING_VERSION = 1.0;
				PRODUCT_BUNDLE_IDENTIFIER = com.jeeshan.TestingCiUITests;
				PRODUCT_NAME = "$(TARGET_NAME)";
				SWIFT_EMIT_LOC_STRINGS = NO;
				SWIFT_VERSION = 5.0;
				TARGETED_DEVICE_FAMILY = "1,2";
				TEST_TARGET_NAME = TestingCi;
			};
			name = Release;
		};
/* End XCBuildConfiguration section */

/* Begin XCConfigurationList section */
		B3131DE627992FE80003566A /* Build configuration list for PBXProject "TestingCi" */ = {
			isa = XCConfigurationList;
			buildConfigurations = (
				B3131E1327992FEE0003566A /* Debug */,
				B3131E1427992FEE0003566A /* Release */,
			);
			defaultConfigurationIsVisible = 0;
			defaultConfigurationName = Release;
		};
		B3131E1527992FEE0003566A /* Build configuration list for PBXNativeTarget "TestingCi" */ = {
			isa = XCConfigurationList;
			buildConfigurations = (
				B3131E1627992FEE0003566A /* Debug */,
				B3131E1727992FEE0003566A /* Release */,
			);
			defaultConfigurationIsVisible = 0;
			defaultConfigurationName = Release;
		};
		B3131E1827992FEE0003566A /* Build configuration list for PBXNativeTarget "TestingCiTests" */ = {
			isa = XCConfigurationList;
			buildConfigurations = (
				B3131E1927992FEE0003566A /* Debug */,
				B3131E1A27992FEE0003566A /* Release */,
			);
			defaultConfigurationIsVisible = 0;
			defaultConfigurationName = Release;
		};
		B3131E1B27992FEE0003566A /* Build configuration list for PBXNativeTarget "TestingCiUITests" */ = {
			isa = XCConfigurationList;
			buildConfigurations = (
				B3131E1C27992FEE0003566A /* Debug */,
				B3131E1D27992FEE0003566A /* Release */,
			);
			defaultConfigurationIsVisible = 0;
			defaultConfigurationName = Release;
		};
/* End XCConfigurationList section */
	};
	rootObject = B3131DE327992FE80003566A /* Project object */;
}
